<Solution>
  <Configurations>
    <Platform Name="Any CPU" />
    <Platform Name="x64" />
  </Configurations>
  <Folder Name="/00 - Global/">
    <File Path="Directory.Build.props" />
    <File Path="Directory.Build.targets" />
    <File Path="README.MD" />
  </Folder>
  <Folder Name="/01 - Clients/">
    <Project Path="src/MedicalSharp.Client/MedicalSharp.Client.csproj" />
    <Project Path="src/MedicalSharp.Presentation/MedicalSharp.Presentation.csproj" />
  </Folder>
  <Folder Name="/02 - Engines/">
    <Project Path="src/MedicalSharp.Controls/MedicalSharp.Controls.csproj" />
    <Project Path="src/MedicalSharp.Engine/MedicalSharp.Engine.csproj" />
    <Project Path="src/MedicalSharp.Primitives/MedicalSharp.Primitives.csproj" />
  </Folder>
  <Folder Name="/03 - Algorithms/">
    <Project Path="src/MedicalSharp.Insight/MedicalSharp.Insight.csproj" />
    <Project Path="src/MedicalSharp.Inspiration/MedicalSharp.Inspiration.csproj" />
    <Project Path="src/MedicalSharp.Intelligence/MedicalSharp.Intelligence.csproj" Id="60b572cc-a548-429c-875a-6162b2c579b1" />
  </Folder>
  <Folder Name="/04 - Tests/">
    <Project Path="src/MedicalSharp.Tests/MedicalSharp.Tests.csproj" />
  </Folder>
</Solution>
